// !$*UTF8*$!
{
	archiveVersion = 1;
	classes = {
	};
	objectVersion = 45;
	objects = {

/* Begin PBXBuildFile section */
		03AF6BAD0BA2D8DB00D23F96 /* LKNodePlugin+PreferencesExtensions.m in Sources */ = {isa = PBXBuildFile; fileRef = 03AF6BAB0BA2D8DB00D23F96 /* LKNodePlugin+PreferencesExtensions.m */; };
		03CF9B9D0FC1D70500BF8C73 /* InfoPlist.strings in Resources */ = {isa = PBXBuildFile; fileRef = 089C167EFE841241C02AAC07 /* InfoPlist.strings */; };
		03F24E260BC957B100CBA8CC /* LKNodePlugin.m in Sources */ = {isa = PBXBuildFile; fileRef = 03F24E250BC957B100CBA8CC /* LKNodePlugin.m */; };
		8D5B49B4048680CD000E48DA /* Cocoa.framework in Frameworks */ = {isa = PBXBuildFile; fileRef = 1058C7ADFEA557BF11CA2CBB /* Cocoa.framework */; };
		98B7C0F111B86DC000F21A41 /* Sample Pane.bundle in CopyFiles */ = {isa = PBXBuildFile; fileRef = 98B7C0B311B86BAB00F21A41 /* Sample Pane.bundle */; };
/* End PBXBuildFile section */

/* Begin PBXContainerItemProxy section */
		98B7C0B211B86BAB00F21A41 /* PBXContainerItemProxy */ = {
			isa = PBXContainerItemProxy;
			containerPortal = 03AF6B3C0BA2D45F00D23F96 /* Node Preference Pane.xcodeproj */;
			proxyType = 2;
			remoteGlobalIDString = 8D5B49B6048680CD000E48DA /* Sample Pane.bundle */;
			remoteInfo = "Sample Pane";
		};
		98B7C0F211B86DD000F21A41 /* PBXContainerItemProxy */ = {
			isa = PBXContainerItemProxy;
			containerPortal = 03AF6B3C0BA2D45F00D23F96 /* Node Preference Pane.xcodeproj */;
			proxyType = 1;
			remoteGlobalIDString = 8D5B49AC048680CD000E48DA /* Node Pane */;
			remoteInfo = "Node Pane";
		};
/* End PBXContainerItemProxy section */

/* Begin PBXCopyFilesBuildPhase section */
		03AF6B7B0BA2D60900D23F96 /* CopyFiles */ = {
			isa = PBXCopyFilesBuildPhase;
			buildActionMask = 12;
			dstPath = "";
			dstSubfolderSpec = 13;
			files = (
				98B7C0F111B86DC000F21A41 /* Sample Pane.bundle in CopyFiles */,
			);
			runOnlyForDeploymentPostprocessing = 0;
		};
/* End PBXCopyFilesBuildPhase section */

/* Begin PBXFileReference section */
		03A277440FA9FB2F00C6FECE /* LKPluginProtocol.h */ = {isa = PBXFileReference; fileEncoding = 4; lastKnownFileType = sourcecode.c.h; name = LKPluginProtocol.h; path = ../LKPluginProtocol.h; sourceTree = SOURCE_ROOT; };
		03AF6B3C0BA2D45F00D23F96 /* Node Preference Pane.xcodeproj */ = {isa = PBXFileReference; lastKnownFileType = "wrapper.pb-project"; name = "Node Preference Pane.xcodeproj"; path = "Node Preference Pane/Node Preference Pane.xcodeproj"; sourceTree = "<group>"; };
		03AF6BAA0BA2D8DB00D23F96 /* LKNodePlugin+PreferencesExtensions.h */ = {isa = PBXFileReference; fileEncoding = 4; lastKnownFileType = sourcecode.c.h; path = "LKNodePlugin+PreferencesExtensions.h"; sourceTree = "<group>"; };
		03AF6BAB0BA2D8DB00D23F96 /* LKNodePlugin+PreferencesExtensions.m */ = {isa = PBXFileReference; fileEncoding = 4; lastKnownFileType = sourcecode.c.objc; path = "LKNodePlugin+PreferencesExtensions.m"; sourceTree = "<group>"; };
		03F24ADB0BC957B100CBA8CC /* LKNodePlugin.h */ = {isa = PBXFileReference; fileEncoding = 4; lastKnownFileType = sourcecode.c.h; path = LKNodePlugin.h; sourceTree = "<group>"; };
		03F24E250BC957B100CBA8CC /* LKNodePlugin.m */ = {isa = PBXFileReference; fileEncoding = 30; lastKnownFileType = sourcecode.c.objc; path = LKNodePlugin.m; sourceTree = "<group>"; };
		089C1672FE841209C02AAC07 /* Foundation.framework */ = {isa = PBXFileReference; lastKnownFileType = wrapper.framework; name = Foundation.framework; path = /System/Library/Frameworks/Foundation.framework; sourceTree = "<absolute>"; };
		089C167EFE841241C02AAC07 /* InfoPlist.strings */ = {isa = PBXFileReference; fileEncoding = 10; lastKnownFileType = text.plist.strings; path = InfoPlist.strings; sourceTree = "<group>"; };
		089C167FFE841241C02AAC07 /* AppKit.framework */ = {isa = PBXFileReference; lastKnownFileType = wrapper.framework; name = AppKit.framework; path = /System/Library/Frameworks/AppKit.framework; sourceTree = "<absolute>"; };
		1058C7ADFEA557BF11CA2CBB /* Cocoa.framework */ = {isa = PBXFileReference; lastKnownFileType = wrapper.framework; name = Cocoa.framework; path = /System/Library/Frameworks/Cocoa.framework; sourceTree = "<absolute>"; };
		8D5B49B6048680CD000E48DA /* Node.lnk2Plugin */ = {isa = PBXFileReference; explicitFileType = wrapper.cfbundle; includeInIndex = 0; path = Node.lnk2Plugin; sourceTree = BUILT_PRODUCTS_DIR; };
		8D5B49B7048680CD000E48DA /* Info.plist */ = {isa = PBXFileReference; fileEncoding = 4; lastKnownFileType = text.plist.xml; path = Info.plist; sourceTree = "<group>"; };
		D2F7E65807B2D6F200F64583 /* CoreData.framework */ = {isa = PBXFileReference; lastKnownFileType = wrapper.framework; name = CoreData.framework; path = /System/Library/Frameworks/CoreData.framework; sourceTree = "<absolute>"; };
/* End PBXFileReference section */

/* Begin PBXFrameworksBuildPhase section */
		8D5B49B3048680CD000E48DA /* Frameworks */ = {
			isa = PBXFrameworksBuildPhase;
			buildActionMask = 2147483647;
			files = (
				8D5B49B4048680CD000E48DA /* Cocoa.framework in Frameworks */,
			);
			runOnlyForDeploymentPostprocessing = 0;
		};
/* End PBXFrameworksBuildPhase section */

/* Begin PBXGroup section */
		089C166AFE841209C02AAC07 /* Linkinus Plug-in */ = {
			isa = PBXGroup;
			children = (
				03AF6B3C0BA2D45F00D23F96 /* Node Preference Pane.xcodeproj */,
				08FB77AFFE84173DC02AAC07 /* Classes */,
				32C88E010371C26100C91783 /* Protocols */,
				089C167CFE841241C02AAC07 /* Resources */,
				089C1671FE841209C02AAC07 /* Frameworks and Libraries */,
				19C28FB8FE9D52D311CA2CBB /* Products */,
			);
			name = "Linkinus Plug-in";
			sourceTree = "<group>";
		};
		089C1671FE841209C02AAC07 /* Frameworks and Libraries */ = {
			isa = PBXGroup;
			children = (
				1058C7ACFEA557BF11CA2CBB /* Linked Frameworks */,
				1058C7AEFEA557BF11CA2CBB /* Other Frameworks */,
			);
			name = "Frameworks and Libraries";
			sourceTree = "<group>";
		};
		089C167CFE841241C02AAC07 /* Resources */ = {
			isa = PBXGroup;
			children = (
				8D5B49B7048680CD000E48DA /* Info.plist */,
				089C167EFE841241C02AAC07 /* InfoPlist.strings */,
			);
			name = Resources;
			sourceTree = "<group>";
		};
		08FB77AFFE84173DC02AAC07 /* Classes */ = {
			isa = PBXGroup;
			children = (
				03F24ADB0BC957B100CBA8CC /* LKNodePlugin.h */,
				03F24E250BC957B100CBA8CC /* LKNodePlugin.m */,
				03AF6BAA0BA2D8DB00D23F96 /* LKNodePlugin+PreferencesExtensions.h */,
				03AF6BAB0BA2D8DB00D23F96 /* LKNodePlugin+PreferencesExtensions.m */,
			);
			name = Classes;
			sourceTree = "<group>";
		};
		1058C7ACFEA557BF11CA2CBB /* Linked Frameworks */ = {
			isa = PBXGroup;
			children = (
				1058C7ADFEA557BF11CA2CBB /* Cocoa.framework */,
			);
			name = "Linked Frameworks";
			sourceTree = "<group>";
		};
		1058C7AEFEA557BF11CA2CBB /* Other Frameworks */ = {
			isa = PBXGroup;
			children = (
				089C167FFE841241C02AAC07 /* AppKit.framework */,
				D2F7E65807B2D6F200F64583 /* CoreData.framework */,
				089C1672FE841209C02AAC07 /* Foundation.framework */,
			);
			name = "Other Frameworks";
			sourceTree = "<group>";
		};
		19C28FB8FE9D52D311CA2CBB /* Products */ = {
			isa = PBXGroup;
			children = (
				8D5B49B6048680CD000E48DA /* Node.lnk2Plugin */,
			);
			name = Products;
			sourceTree = "<group>";
		};
		32C88E010371C26100C91783 /* Protocols */ = {
			isa = PBXGroup;
			children = (
				03A277440FA9FB2F00C6FECE /* LKPluginProtocol.h */,
			);
			name = Protocols;
			sourceTree = "<group>";
		};
		98B7C0AF11B86BAB00F21A41 /* Products */ = {
			isa = PBXGroup;
			children = (
				98B7C0B311B86BAB00F21A41 /* Sample Pane.bundle */,
			);
			name = Products;
			sourceTree = "<group>";
		};
/* End PBXGroup section */

/* Begin PBXNativeTarget section */
		8D5B49AC048680CD000E48DA /* Node */ = {
			isa = PBXNativeTarget;
			buildConfigurationList = 1DEB913A08733D840010E9CD /* Build configuration list for PBXNativeTarget "Node" */;
			buildPhases = (
				8D5B49AF048680CD000E48DA /* Resources */,
				8D5B49B1048680CD000E48DA /* Sources */,
				8D5B49B3048680CD000E48DA /* Frameworks */,
				03AF6B7B0BA2D60900D23F96 /* CopyFiles */,
			);
			buildRules = (
			);
			dependencies = (
				98B7C0F311B86DD000F21A41 /* PBXTargetDependency */,
			);
			name = Node;
			productInstallPath = "$(HOME)/Library/Bundles";
			productName = "Linkinus Plug-in";
			productReference = 8D5B49B6048680CD000E48DA /* Node.lnk2Plugin */;
			productType = "com.apple.product-type.bundle";
		};
/* End PBXNativeTarget section */

/* Begin PBXProject section */
		089C1669FE841209C02AAC07 /* Project object */ = {
			isa = PBXProject;
			buildConfigurationList = 1DEB913E08733D840010E9CD /* Build configuration list for PBXProject "Node Plug-in" */;
			compatibilityVersion = "Xcode 3.1";
			hasScannedForEncodings = 1;
			mainGroup = 089C166AFE841209C02AAC07 /* Linkinus Plug-in */;
			projectDirPath = "";
			projectReferences = (
				{
					ProductGroup = 98B7C0AF11B86BAB00F21A41 /* Products */;
					ProjectRef = 03AF6B3C0BA2D45F00D23F96 /* Node Preference Pane.xcodeproj */;
				},
			);
			projectRoot = "";
			targets = (
				8D5B49AC048680CD000E48DA /* Node */,
			);
		};
/* End PBXProject section */

/* Begin PBXReferenceProxy section */
		98B7C0B311B86BAB00F21A41 /* Sample Pane.bundle */ = {
			isa = PBXReferenceProxy;
			fileType = wrapper.cfbundle;
			path = "Sample Pane.bundle";
			remoteRef = 98B7C0B211B86BAB00F21A41 /* PBXContainerItemProxy */;
			sourceTree = BUILT_PRODUCTS_DIR;
		};
/* End PBXReferenceProxy section */

/* Begin PBXResourcesBuildPhase section */
		8D5B49AF048680CD000E48DA /* Resources */ = {
			isa = PBXResourcesBuildPhase;
			buildActionMask = 2147483647;
			files = (
				03CF9B9D0FC1D70500BF8C73 /* InfoPlist.strings in Resources */,
			);
			runOnlyForDeploymentPostprocessing = 0;
		};
/* End PBXResourcesBuildPhase section */

/* Begin PBXSourcesBuildPhase section */
		8D5B49B1048680CD000E48DA /* Sources */ = {
			isa = PBXSourcesBuildPhase;
			buildActionMask = 2147483647;
			files = (
				03F24E260BC957B100CBA8CC /* LKNodePlugin.m in Sources */,
				03AF6BAD0BA2D8DB00D23F96 /* LKNodePlugin+PreferencesExtensions.m in Sources */,
			);
			runOnlyForDeploymentPostprocessing = 0;
		};
/* End PBXSourcesBuildPhase section */

/* Begin PBXTargetDependency section */
		98B7C0F311B86DD000F21A41 /* PBXTargetDependency */ = {
			isa = PBXTargetDependency;
			name = "Node Pane";
			targetProxy = 98B7C0F211B86DD000F21A41 /* PBXContainerItemProxy */;
		};
/* End PBXTargetDependency section */

/* Begin XCBuildConfiguration section */
		1DEB913B08733D840010E9CD /* Debug */ = {
			isa = XCBuildConfiguration;
			buildSettings = {
				ARCHS = "$(ARCHS_STANDARD_32_64_BIT)";
				COPY_PHASE_STRIP = NO;
				GCC_DYNAMIC_NO_PIC = NO;
				GCC_ENABLE_FIX_AND_CONTINUE = YES;
				GCC_MODEL_TUNING = G5;
				GCC_OPTIMIZATION_LEVEL = 0;
				GCC_PRECOMPILE_PREFIX_HEADER = NO;
				GCC_PREFIX_HEADER = "";
				INFOPLIST_FILE = Info.plist;
				INSTALL_PATH = "$(HOME)/Library/Bundles";
				PRODUCT_NAME = Node;
				WRAPPER_EXTENSION = lnk2Plugin;
				ZERO_LINK = YES;
			};
			name = Debug;
		};
		1DEB913C08733D840010E9CD /* Release */ = {
			isa = XCBuildConfiguration;
			buildSettings = {
				ARCHS = "$(ARCHS_STANDARD_32_64_BIT)";
				GCC_GENERATE_DEBUGGING_SYMBOLS = NO;
				GCC_MODEL_TUNING = G5;
				GCC_PRECOMPILE_PREFIX_HEADER = NO;
				GCC_PREFIX_HEADER = "";
				INFOPLIST_FILE = Info.plist;
				INSTALL_PATH = "$(HOME)/Library/Bundles";
				PRODUCT_NAME = Node;
				SDKROOT = macosx10.5;
				WRAPPER_EXTENSION = lnk2Plugin;
			};
			name = Release;
		};
		1DEB913F08733D840010E9CD /* Debug */ = {
			isa = XCBuildConfiguration;
			buildSettings = {
				ARCHS = "$(ARCHS_STANDARD_32_64_BIT)";
				GCC_WARN_ABOUT_RETURN_TYPE = YES;
				GCC_WARN_UNUSED_VARIABLE = YES;
				PREBINDING = NO;
				SDKROOT = macosx10.5;
			};
			name = Debug;
		};
		1DEB914008733D840010E9CD /* Release */ = {
			isa = XCBuildConfiguration;
			buildSettings = {
				ARCHS = "$(ARCHS_STANDARD_32_64_BIT)";
				GCC_WARN_ABOUT_RETURN_TYPE = YES;
				GCC_WARN_UNUSED_VARIABLE = YES;
				PREBINDING = NO;
				SDKROOT = macosx10.5;
			};
			name = Release;
		};
/* End XCBuildConfiguration section */

/* Begin XCConfigurationList section */
		1DEB913A08733D840010E9CD /* Build configuration list for PBXNativeTarget "Node" */ = {
			isa = XCConfigurationList;
			buildConfigurations = (
				1DEB913B08733D840010E9CD /* Debug */,
				1DEB913C08733D840010E9CD /* Release */,
			);
			defaultConfigurationIsVisible = 0;
			defaultConfigurationName = Release;
		};
		1DEB913E08733D840010E9CD /* Build configuration list for PBXProject "Node Plug-in" */ = {
			isa = XCConfigurationList;
			buildConfigurations = (
				1DEB913F08733D840010E9CD /* Debug */,
				1DEB914008733D840010E9CD /* Release */,
			);
			defaultConfigurationIsVisible = 0;
			defaultConfigurationName = Release;
		};
/* End XCConfigurationList section */
	};
	rootObject = 089C1669FE841209C02AAC07 /* Project object */;
}
